
Microsoft Visual Studio Solution File, Format Version 12.00
# Visual Studio Version 17
VisualStudioVersion = 17.2.32616.157
MinimumVisualStudioVersion = 10.0.40219.1
Project("{FAE04EC0-301F-11D3-BF4B-00C04F79EFBC}") = "ConsoleApp1", "ConsoleApp1\ConsoleApp1.csproj", "{365EF3A2-A25C-403D-B39D-38A97DD97925}"
EndProject
Global
	GlobalSection(SolutionConfigurationPlatforms) = preSolution
		Debug|Any CPU = Debug|Any CPU
		Release|Any CPU = Release|Any CPU
	EndGlobalSection
	GlobalSection(ProjectConfigurationPlatforms) = postSolution
		{365EF3A2-A25C-403D-B39D-38A97DD97925}.Debug|Any CPU.ActiveCfg = Debug|Any CPU
		{365EF3A2-A25C-403D-B39D-38A97DD97925}.Debug|Any CPU.Build.0 = Debug|Any CPU
		{365EF3A2-A25C-403D-B39D-38A97DD97925}.Release|Any CPU.ActiveCfg = Release|Any CPU
		{365EF3A2-A25C-403D-B39D-38A97DD97925}.Release|Any CPU.Build.0 = Release|Any CPU
	EndGlobalSection
	GlobalSection(SolutionProperties) = preSolution
		HideSolutionNode = FALSE
	EndGlobalSection
	GlobalSection(ExtensibilityGlobals) = postSolution
		SolutionGuid = {249393A2-6A33-45B6-BA1C-6B5F2BAA4512}
	EndGlobalSection
EndGlobal
